// !$*UTF8*$!
{
	archiveVersion = 1;
	classes = {
	};
	objectVersion = 55;
	objects = {

/* Begin PBXBuildFile section */
		952D70B42B96CA4500E72E8A /* AppDelegate.swift in Sources */ = {isa = PBXBuildFile; fileRef = 952D70B32B96CA4500E72E8A /* AppDelegate.swift */; };
		952D70B62B96CA4500E72E8A /* SceneDelegate.swift in Sources */ = {isa = PBXBuildFile; fileRef = 952D70B52B96CA4500E72E8A /* SceneDelegate.swift */; };
		952D70BB2B96CA4500E72E8A /* Main.storyboard in Resources */ = {isa = PBXBuildFile; fileRef = 952D70B92B96CA4500E72E8A /* Main.storyboard */; };
		952D70BD2B96CA4800E72E8A /* Assets.xcassets in Resources */ = {isa = PBXBuildFile; fileRef = 952D70BC2B96CA4800E72E8A /* Assets.xcassets */; };
		952D70C02B96CA4800E72E8A /* LaunchScreen.storyboard in Resources */ = {isa = PBXBuildFile; fileRef = 952D70BE2B96CA4800E72E8A /* LaunchScreen.storyboard */; };
		952D70C82B96CAC600E72E8A /* CricketerTableViewController.swift in Sources */ = {isa = PBXBuildFile; fileRef = 952D70C72B96CAC600E72E8A /* CricketerTableViewController.swift */; };
		952D70CA2B96CB8300E72E8A /* Cricketer.swift in Sources */ = {isa = PBXBuildFile; fileRef = 952D70C92B96CB8300E72E8A /* Cricketer.swift */; };
/* End PBXBuildFile section */

/* Begin PBXFileReference section */
		952D70B02B96CA4500E72E8A /* CricketersTable.app */ = {isa = PBXFileReference; explicitFileType = wrapper.application; includeInIndex = 0; path = CricketersTable.app; sourceTree = BUILT_PRODUCTS_DIR; };
		952D70B32B96CA4500E72E8A /* AppDelegate.swift */ = {isa = PBXFileReference; lastKnownFileType = sourcecode.swift; path = AppDelegate.swift; sourceTree = "<group>"; };
		952D70B52B96CA4500E72E8A /* SceneDelegate.swift */ = {isa = PBXFileReference; lastKnownFileType = sourcecode.swift; path = SceneDelegate.swift; sourceTree = "<group>"; };
		952D70BA2B96CA4500E72E8A /* Base */ = {isa = PBXFileReference; lastKnownFileType = file.storyboard; name = Base; path = Base.lproj/Main.storyboard; sourceTree = "<group>"; };
		952D70BC2B96CA4800E72E8A /* Assets.xcassets */ = {isa = PBXFileReference; lastKnownFileType = folder.assetcatalog; path = Assets.xcassets; sourceTree = "<group>"; };
		952D70BF2B96CA4800E72E8A /* Base */ = {isa = PBXFileReference; lastKnownFileType = file.storyboard; name = Base; path = Base.lproj/LaunchScreen.storyboard; sourceTree = "<group>"; };
		952D70C12B96CA4800E72E8A /* Info.plist */ = {isa = PBXFileReference; lastKnownFileType = text.plist.xml; path = Info.plist; sourceTree = "<group>"; };
		952D70C72B96CAC600E72E8A /* CricketerTableViewController.swift */ = {isa = PBXFileReference; lastKnownFileType = sourcecode.swift; path = CricketerTableViewController.swift; sourceTree = "<group>"; };
		952D70C92B96CB8300E72E8A /* Cricketer.swift */ = {isa = PBXFileReference; lastKnownFileType = sourcecode.swift; path = Cricketer.swift; sourceTree = "<group>"; };
/* End PBXFileReference section */

/* Begin PBXFrameworksBuildPhase section */
		952D70AD2B96CA4500E72E8A /* Frameworks */ = {
			isa = PBXFrameworksBuildPhase;
			buildActionMask = 2147483647;
			files = (
			);
			runOnlyForDeploymentPostprocessing = 0;
		};
/* End PBXFrameworksBuildPhase section */

/* Begin PBXGroup section */
		952D70A72B96CA4500E72E8A = {
			isa = PBXGroup;
			children = (
				952D70B22B96CA4500E72E8A /* CricketersTable */,
				952D70B12B96CA4500E72E8A /* Products */,
			);
			sourceTree = "<group>";
		};
		952D70B12B96CA4500E72E8A /* Products */ = {
			isa = PBXGroup;
			children = (
				952D70B02B96CA4500E72E8A /* CricketersTable.app */,
			);
			name = Products;
			sourceTree = "<group>";
		};
		952D70B22B96CA4500E72E8A /* CricketersTable */ = {
			isa = PBXGroup;
			children = (
				952D70B32B96CA4500E72E8A /* AppDelegate.swift */,
				952D70B52B96CA4500E72E8A /* SceneDelegate.swift */,
				952D70B92B96CA4500E72E8A /* Main.storyboard */,
				952D70C72B96CAC600E72E8A /* CricketerTableViewController.swift */,
				952D70C92B96CB8300E72E8A /* Cricketer.swift */,
				952D70BC2B96CA4800E72E8A /* Assets.xcassets */,
				952D70BE2B96CA4800E72E8A /* LaunchScreen.storyboard */,
				952D70C12B96CA4800E72E8A /* Info.plist */,
			);
			path = CricketersTable;
			sourceTree = "<group>";
		};
/* End PBXGroup section */

/* Begin PBXNativeTarget section */
		952D70AF2B96CA4500E72E8A /* CricketersTable */ = {
			isa = PBXNativeTarget;
			buildConfigurationList = 952D70C42B96CA4800E72E8A /* Build configuration list for PBXNativeTarget "CricketersTable" */;
			buildPhases = (
				952D70AC2B96CA4500E72E8A /* Sources */,
				952D70AD2B96CA4500E72E8A /* Frameworks */,
				952D70AE2B96CA4500E72E8A /* Resources */,
			);
			buildRules = (
			);
			dependencies = (
			);
			name = CricketersTable;
			productName = CricketersTable;
			productReference = 952D70B02B96CA4500E72E8A /* CricketersTable.app */;
			productType = "com.apple.product-type.application";
		};
/* End PBXNativeTarget section */

/* Begin PBXProject section */
		952D70A82B96CA4500E72E8A /* Project object */ = {
			isa = PBXProject;
			attributes = {
				BuildIndependentTargetsInParallel = 1;
				LastSwiftUpdateCheck = 1320;
				LastUpgradeCheck = 1320;
				TargetAttributes = {
					952D70AF2B96CA4500E72E8A = {
						CreatedOnToolsVersion = 13.2.1;
					};
				};
			};
			buildConfigurationList = 952D70AB2B96CA4500E72E8A /* Build configuration list for PBXProject "CricketersTable" */;
			compatibilityVersion = "Xcode 13.0";
			developmentRegion = en;
			hasScannedForEncodings = 0;
			knownRegions = (
				en,
				Base,
			);
			mainGroup = 952D70A72B96CA4500E72E8A;
			productRefGroup = 952D70B12B96CA4500E72E8A /* Products */;
			projectDirPath = "";
			projectRoot = "";
			targets = (
				952D70AF2B96CA4500E72E8A /* CricketersTable */,
			);
		};
/* End PBXProject section */

/* Begin PBXResourcesBuildPhase section */
		952D70AE2B96CA4500E72E8A /* Resources */ = {
			isa = PBXResourcesBuildPhase;
			buildActionMask = 2147483647;
			files = (
				952D70C02B96CA4800E72E8A /* LaunchScreen.storyboard in Resources */,
				952D70BD2B96CA4800E72E8A /* Assets.xcassets in Resources */,
				952D70BB2B96CA4500E72E8A /* Main.storyboard in Resources */,
			);
			runOnlyForDeploymentPostprocessing = 0;
		};
/* End PBXResourcesBuildPhase section */

/* Begin PBXSourcesBuildPhase section */
		952D70AC2B96CA4500E72E8A /* Sources */ = {
			isa = PBXSourcesBuildPhase;
			buildActionMask = 2147483647;
			files = (
				952D70B42B96CA4500E72E8A /* AppDelegate.swift in Sources */,
				952D70C82B96CAC600E72E8A /* CricketerTableViewController.swift in Sources */,
				952D70CA2B96CB8300E72E8A /* Cricketer.swift in Sources */,
				952D70B62B96CA4500E72E8A /* SceneDelegate.swift in Sources */,
			);
			runOnlyForDeploymentPostprocessing = 0;
		};
/* End PBXSourcesBuildPhase section */

/* Begin PBXVariantGroup section */
		952D70B92B96CA4500E72E8A /* Main.storyboard */ = {
			isa = PBXVariantGroup;
			children = (
				952D70BA2B96CA4500E72E8A /* Base */,
			);
			name = Main.storyboard;
			sourceTree = "<group>";
		};
		952D70BE2B96CA4800E72E8A /* LaunchScreen.storyboard */ = {
			isa = PBXVariantGroup;
			children = (
				952D70BF2B96CA4800E72E8A /* Base */,
			);
			name = LaunchScreen.storyboard;
			sourceTree = "<group>";
		};
/* End PBXVariantGroup section */

/* Begin XCBuildConfiguration section */
		952D70C22B96CA4800E72E8A /* Debug */ = {
			isa = XCBuildConfiguration;
			buildSettings = {
				ALWAYS_SEARCH_USER_PATHS = NO;
				CLANG_ANALYZER_NONNULL = YES;
				CLANG_ANALYZER_NUMBER_OBJECT_CONVERSION = YES_AGGRESSIVE;
				CLANG_CXX_LANGUAGE_STANDARD = "gnu++17";
				CLANG_CXX_LIBRARY = "libc++";
				CLANG_ENABLE_MODULES = YES;
				CLANG_ENABLE_OBJC_ARC = YES;
				CLANG_ENABLE_OBJC_WEAK = YES;
				CLANG_WARN_BLOCK_CAPTURE_AUTORELEASING = YES;
				CLANG_WARN_BOOL_CONVERSION = YES;
				CLANG_WARN_COMMA = YES;
				CLANG_WARN_CONSTANT_CONVERSION = YES;
				CLANG_WARN_DEPRECATED_OBJC_IMPLEMENTATIONS = YES;
				CLANG_WARN_DIRECT_OBJC_ISA_USAGE = YES_ERROR;
				CLANG_WARN_DOCUMENTATION_COMMENTS = YES;
				CLANG_WARN_EMPTY_BODY = YES;
				CLANG_WARN_ENUM_CONVERSION = YES;
				CLANG_WARN_INFINITE_RECURSION = YES;
				CLANG_WARN_INT_CONVERSION = YES;
				CLANG_WARN_NON_LITERAL_NULL_CONVERSION = YES;
				CLANG_WARN_OBJC_IMPLICIT_RETAIN_SELF = YES;
				CLANG_WARN_OBJC_LITERAL_CONVERSION = YES;
				CLANG_WARN_OBJC_ROOT_CLASS = YES_ERROR;
				CLANG_WARN_QUOTED_INCLUDE_IN_FRAMEWORK_HEADER = YES;
				CLANG_WARN_RANGE_LOOP_ANALYSIS = YES;
				CLANG_WARN_STRICT_PROTOTYPES = YES;
				CLANG_WARN_SUSPICIOUS_MOVE = YES;
				CLANG_WARN_UNGUARDED_AVAILABILITY = YES_AGGRESSIVE;
				CLANG_WARN_UNREACHABLE_CODE = YES;
				CLANG_WARN__DUPLICATE_METHOD_MATCH = YES;
				COPY_PHASE_STRIP = NO;
				DEBUG_INFORMATION_FORMAT = dwarf;
				ENABLE_STRICT_OBJC_MSGSEND = YES;
				ENABLE_TESTABILITY = YES;
				GCC_C_LANGUAGE_STANDARD = gnu11;
				GCC_DYNAMIC_NO_PIC = NO;
				GCC_NO_COMMON_BLOCKS = YES;
				GCC_OPTIMIZATION_LEVEL = 0;
				GCC_PREPROCESSOR_DEFINITIONS = (
					"DEBUG=1",
					"$(inherited)",
				);
				GCC_WARN_64_TO_32_BIT_CONVERSION = YES;
				GCC_WARN_ABOUT_RETURN_TYPE = YES_ERROR;
				GCC_WARN_UNDECLARED_SELECTOR = YES;
				GCC_WARN_UNINITIALIZED_AUTOS = YES_AGGRESSIVE;
				GCC_WARN_UNUSED_FUNCTION = YES;
				GCC_WARN_UNUSED_VARIABLE = YES;
				IPHONEOS_DEPLOYMENT_TARGET = 15.2;
				MTL_ENABLE_DEBUG_INFO = INCLUDE_SOURCE;
				MTL_FAST_MATH = YES;
				ONLY_ACTIVE_ARCH = YES;
				SDKROOT = iphoneos;
				SWIFT_ACTIVE_COMPILATION_CONDITIONS = DEBUG;
				SWIFT_OPTIMIZATION_LEVEL = "-Onone";
			};
			name = Debug;
		};
		952D70C32B96CA4800E72E8A /* Release */ = {
			isa = XCBuildConfiguration;
			buildSettings = {
				ALWAYS_SEARCH_USER_PATHS = NO;
				CLANG_ANALYZER_NONNULL = YES;
				CLANG_ANALYZER_NUMBER_OBJECT_CONVERSION = YES_AGGRESSIVE;
				CLANG_CXX_LANGUAGE_STANDARD = "gnu++17";
				CLANG_CXX_LIBRARY = "libc++";
				CLANG_ENABLE_MODULES = YES;
				CLANG_ENABLE_OBJC_ARC = YES;
				CLANG_ENABLE_OBJC_WEAK = YES;
				CLANG_WARN_BLOCK_CAPTURE_AUTORELEASING = YES;
				CLANG_WARN_BOOL_CONVERSION = YES;
				CLANG_WARN_COMMA = YES;
				CLANG_WARN_CONSTANT_CONVERSION = YES;
				CLANG_WARN_DEPRECATED_OBJC_IMPLEMENTATIONS = YES;
				CLANG_WARN_DIRECT_OBJC_ISA_USAGE = YES_ERROR;
				CLANG_WARN_DOCUMENTATION_COMMENTS = YES;
				CLANG_WARN_EMPTY_BODY = YES;
				CLANG_WARN_ENUM_CONVERSION = YES;
				CLANG_WARN_INFINITE_RECURSION = YES;
				CLANG_WARN_INT_CONVERSION = YES;
				CLANG_WARN_NON_LITERAL_NULL_CONVERSION = YES;
				CLANG_WARN_OBJC_IMPLICIT_RETAIN_SELF = YES;
				CLANG_WARN_OBJC_LITERAL_CONVERSION = YES;
				CLANG_WARN_OBJC_ROOT_CLASS = YES_ERROR;
				CLANG_WARN_QUOTED_INCLUDE_IN_FRAMEWORK_HEADER = YES;
				CLANG_WARN_RANGE_LOOP_ANALYSIS = YES;
				CLANG_WARN_STRICT_PROTOTYPES = YES;
				CLANG_WARN_SUSPICIOUS_MOVE = YES;
				CLANG_WARN_UNGUARDED_AVAILABILITY = YES_AGGRESSIVE;
				CLANG_WARN_UNREACHABLE_CODE = YES;
				CLANG_WARN__DUPLICATE_METHOD_MATCH = YES;
				COPY_PHASE_STRIP = NO;
				DEBUG_INFORMATION_FORMAT = "dwarf-with-dsym";
				ENABLE_NS_ASSERTIONS = NO;
				ENABLE_STRICT_OBJC_MSGSEND = YES;
				GCC_C_LANGUAGE_STANDARD = gnu11;
				GCC_NO_COMMON_BLOCKS = YES;
				GCC_WARN_64_TO_32_BIT_CONVERSION = YES;
				GCC_WARN_ABOUT_RETURN_TYPE = YES_ERROR;
				GCC_WARN_UNDECLARED_SELECTOR = YES;
				GCC_WARN_UNINITIALIZED_AUTOS = YES_AGGRESSIVE;
				GCC_WARN_UNUSED_FUNCTION = YES;
				GCC_WARN_UNUSED_VARIABLE = YES;
				IPHONEOS_DEPLOYMENT_TARGET = 15.2;
				MTL_ENABLE_DEBUG_INFO = NO;
				MTL_FAST_MATH = YES;
				SDKROOT = iphoneos;
				SWIFT_COMPILATION_MODE = wholemodule;
				SWIFT_OPTIMIZATION_LEVEL = "-O";
				VALIDATE_PRODUCT = YES;
			};
			name = Release;
		};
		952D70C52B96CA4800E72E8A /* Debug */ = {
			isa = XCBuildConfiguration;
			buildSettings = {
				ASSETCATALOG_COMPILER_APPICON_NAME = AppIcon;
				ASSETCATALOG_COMPILER_GLOBAL_ACCENT_COLOR_NAME = AccentColor;
				CODE_SIGN_STYLE = Automatic;
				CURRENT_PROJECT_VERSION = 1;
				DEVELOPMENT_TEAM = 5DZUMGR47K;
				GENERATE_INFOPLIST_FILE = YES;
				INFOPLIST_FILE = CricketersTable/Info.plist;
				INFOPLIST_KEY_UIApplicationSupportsIndirectInputEvents = YES;
				INFOPLIST_KEY_UILaunchStoryboardName = LaunchScreen;
				INFOPLIST_KEY_UIMainStoryboardFile = Main;
				INFOPLIST_KEY_UISupportedInterfaceOrientations_iPad = "UIInterfaceOrientationPortrait UIInterfaceOrientationPortraitUpsideDown UIInterfaceOrientationLandscapeLeft UIInterfaceOrientationLandscapeRight";
				INFOPLIST_KEY_UISupportedInterfaceOrientations_iPhone = "UIInterfaceOrientationPortrait UIInterfaceOrientationLandscapeLeft UIInterfaceOrientationLandscapeRight";
				LD_RUNPATH_SEARCH_PATHS = (
					"$(inherited)",
					"@executable_path/Frameworks",
				);
				MARKETING_VERSION = 1.0;
				PRODUCT_BUNDLE_IDENTIFIER = utu.CricketersTable;
				PRODUCT_NAME = "$(TARGET_NAME)";
				SWIFT_EMIT_LOC_STRINGS = YES;
				SWIFT_VERSION = 5.0;
				TARGETED_DEVICE_FAMILY = "1,2";
			};
			name = Debug;
		};
		952D70C62B96CA4800E72E8A /* Release */ = {
			isa = XCBuildConfiguration;
			buildSettings = {
				ASSETCATALOG_COMPILER_APPICON_NAME = AppIcon;
				ASSETCATALOG_COMPILER_GLOBAL_ACCENT_COLOR_NAME = AccentColor;
				CODE_SIGN_STYLE = Automatic;
				CURRENT_PROJECT_VERSION = 1;
				DEVELOPMENT_TEAM = 5DZUMGR47K;
				GENERATE_INFOPLIST_FILE = YES;
				INFOPLIST_FILE = CricketersTable/Info.plist;
				INFOPLIST_KEY_UIApplicationSupportsIndirectInputEvents = YES;
				INFOPLIST_KEY_UILaunchStoryboardName = LaunchScreen;
				INFOPLIST_KEY_UIMainStoryboardFile = Main;
				INFOPLIST_KEY_UISupportedInterfaceOrientations_iPad = "UIInterfaceOrientationPortrait UIInterfaceOrientationPortraitUpsideDown UIInterfaceOrientationLandscapeLeft UIInterfaceOrientationLandscapeRight";
				INFOPLIST_KEY_UISupportedInterfaceOrientations_iPhone = "UIInterfaceOrientationPortrait UIInterfaceOrientationLandscapeLeft UIInterfaceOrientationLandscapeRight";
				LD_RUNPATH_SEARCH_PATHS = (
					"$(inherited)",
					"@executable_path/Frameworks",
				);
				MARKETING_VERSION = 1.0;
				PRODUCT_BUNDLE_IDENTIFIER = utu.CricketersTable;
				PRODUCT_NAME = "$(TARGET_NAME)";
				SWIFT_EMIT_LOC_STRINGS = YES;
				SWIFT_VERSION = 5.0;
				TARGETED_DEVICE_FAMILY = "1,2";
			};
			name = Release;
		};
/* End XCBuildConfiguration section */

/* Begin XCConfigurationList section */
		952D70AB2B96CA4500E72E8A /* Build configuration list for PBXProject "CricketersTable" */ = {
			isa = XCConfigurationList;
			buildConfigurations = (
				952D70C22B96CA4800E72E8A /* Debug */,
				952D70C32B96CA4800E72E8A /* Release */,
			);
			defaultConfigurationIsVisible = 0;
			defaultConfigurationName = Release;
		};
		952D70C42B96CA4800E72E8A /* Build configuration list for PBXNativeTarget "CricketersTable" */ = {
			isa = XCConfigurationList;
			buildConfigurations = (
				952D70C52B96CA4800E72E8A /* Debug */,
				952D70C62B96CA4800E72E8A /* Release */,
			);
			defaultConfigurationIsVisible = 0;
			defaultConfigurationName = Release;
		};
/* End XCConfigurationList section */
	};
	rootObject = 952D70A82B96CA4500E72E8A /* Project object */;
}
